
Microsoft Visual Studio Solution File, Format Version 12.00
# Visual Studio 15
VisualStudioVersion = 15.0.28307.572
MinimumVisualStudioVersion = 10.0.40219.1
Project("{FAE04EC0-301F-11D3-BF4B-00C04F79EFBC}") = "HomeWork26_07_19", "HomeWork26_07_19\HomeWork26_07_19.csproj", "{213CDB03-C646-49C6-80EB-82D8CC5D74C2}"
EndProject
Project("{FAE04EC0-301F-11D3-BF4B-00C04F79EFBC}") = "Strategy", "Strategy\Strategy.csproj", "{12E4569E-AFC4-4B6B-BB1C-29AB9BD9DC44}"
EndProject
Global
	GlobalSection(SolutionConfigurationPlatforms) = preSolution
		Debug|Any CPU = Debug|Any CPU
		Release|Any CPU = Release|Any CPU
	EndGlobalSection
	GlobalSection(ProjectConfigurationPlatforms) = postSolution
		{213CDB03-C646-49C6-80EB-82D8CC5D74C2}.Debug|Any CPU.ActiveCfg = Debug|Any CPU
		{213CDB03-C646-49C6-80EB-82D8CC5D74C2}.Debug|Any CPU.Build.0 = Debug|Any CPU
		{213CDB03-C646-49C6-80EB-82D8CC5D74C2}.Release|Any CPU.ActiveCfg = Release|Any CPU
		{213CDB03-C646-49C6-80EB-82D8CC5D74C2}.Release|Any CPU.Build.0 = Release|Any CPU
		{12E4569E-AFC4-4B6B-BB1C-29AB9BD9DC44}.Debug|Any CPU.ActiveCfg = Debug|Any CPU
		{12E4569E-AFC4-4B6B-BB1C-29AB9BD9DC44}.Debug|Any CPU.Build.0 = Debug|Any CPU
		{12E4569E-AFC4-4B6B-BB1C-29AB9BD9DC44}.Release|Any CPU.ActiveCfg = Release|Any CPU
		{12E4569E-AFC4-4B6B-BB1C-29AB9BD9DC44}.Release|Any CPU.Build.0 = Release|Any CPU
	EndGlobalSection
	GlobalSection(SolutionProperties) = preSolution
		HideSolutionNode = FALSE
	EndGlobalSection
	GlobalSection(ExtensibilityGlobals) = postSolution
		SolutionGuid = {B945CF4D-4132-4580-9F4E-E3C8CD7B01AD}
	EndGlobalSection
EndGlobal
